
Microsoft Visual Studio Solution File, Format Version 12.00
# Visual Studio Version 16
VisualStudioVersion = 16.0.31019.35
MinimumVisualStudioVersion = 10.0.40219.1
Project("{FAE04EC0-301F-11D3-BF4B-00C04F79EFBC}") = "NullableTypes", "NullableTypes\NullableTypes.csproj", "{72ABD102-0789-4255-BEF1-8C2E52F30BBD}"
EndProject
Global
	GlobalSection(SolutionConfigurationPlatforms) = preSolution
		Debug|Any CPU = Debug|Any CPU
		Release|Any CPU = Release|Any CPU
	EndGlobalSection
	GlobalSection(ProjectConfigurationPlatforms) = postSolution
		{72ABD102-0789-4255-BEF1-8C2E52F30BBD}.Debug|Any CPU.ActiveCfg = Debug|Any CPU
		{72ABD102-0789-4255-BEF1-8C2E52F30BBD}.Debug|Any CPU.Build.0 = Debug|Any CPU
		{72ABD102-0789-4255-BEF1-8C2E52F30BBD}.Release|Any CPU.ActiveCfg = Release|Any CPU
		{72ABD102-0789-4255-BEF1-8C2E52F30BBD}.Release|Any CPU.Build.0 = Release|Any CPU
	EndGlobalSection
	GlobalSection(SolutionProperties) = preSolution
		HideSolutionNode = FALSE
	EndGlobalSection
	GlobalSection(ExtensibilityGlobals) = postSolution
		SolutionGuid = {005CA1BC-8C4E-40B5-906C-09730BCDD6F0}
	EndGlobalSection
EndGlobal
